
Microsoft Visual Studio Solution File, Format Version 12.00
# Visual Studio 15
VisualStudioVersion = 15.0.27130.2003
MinimumVisualStudioVersion = 10.0.40219.1
Project("{FAE04EC0-301F-11D3-BF4B-00C04F79EFBC}") = "ComponentPlayground", "ComponentPlayground\ComponentPlayground.csproj", "{7195321E-63A9-485A-8F77-04530FC5ED8D}"
EndProject
Project("{FAE04EC0-301F-11D3-BF4B-00C04F79EFBC}") = "DM.Umbraco.Components.MemberLogin", "..\DM.Umbraco.Components.MemberLogin\DM.Umbraco.Components.MemberLogin\DM.Umbraco.Components.MemberLogin.csproj", "{1323A3FC-7D67-4F4B-93AC-F30AB1B51A69}"
EndProject
Global
	GlobalSection(SolutionConfigurationPlatforms) = preSolution
		Debug|Any CPU = Debug|Any CPU
		Release|Any CPU = Release|Any CPU
	EndGlobalSection
	GlobalSection(ProjectConfigurationPlatforms) = postSolution
		{7195321E-63A9-485A-8F77-04530FC5ED8D}.Debug|Any CPU.ActiveCfg = Debug|Any CPU
		{7195321E-63A9-485A-8F77-04530FC5ED8D}.Debug|Any CPU.Build.0 = Debug|Any CPU
		{7195321E-63A9-485A-8F77-04530FC5ED8D}.Release|Any CPU.ActiveCfg = Release|Any CPU
		{7195321E-63A9-485A-8F77-04530FC5ED8D}.Release|Any CPU.Build.0 = Release|Any CPU
		{1323A3FC-7D67-4F4B-93AC-F30AB1B51A69}.Debug|Any CPU.ActiveCfg = Debug|Any CPU
		{1323A3FC-7D67-4F4B-93AC-F30AB1B51A69}.Debug|Any CPU.Build.0 = Debug|Any CPU
		{1323A3FC-7D67-4F4B-93AC-F30AB1B51A69}.Release|Any CPU.ActiveCfg = Release|Any CPU
		{1323A3FC-7D67-4F4B-93AC-F30AB1B51A69}.Release|Any CPU.Build.0 = Release|Any CPU
	EndGlobalSection
	GlobalSection(SolutionProperties) = preSolution
		HideSolutionNode = FALSE
	EndGlobalSection
	GlobalSection(ExtensibilityGlobals) = postSolution
		SolutionGuid = {F1241E22-D53F-4585-B604-B8E49ED3F92C}
	EndGlobalSection
EndGlobal
