
Microsoft Visual Studio Solution File, Format Version 12.00
# Visual Studio 15
VisualStudioVersion = 15.0.26730.16
MinimumVisualStudioVersion = 10.0.40219.1
Project("{FAE04EC0-301F-11D3-BF4B-00C04F79EFBC}") = "DM.Umbraco.Components.ImageButton", "DM.Umbraco.Components.ImageButton\DM.Umbraco.Components.ImageButton.csproj", "{49BD76ED-8FCB-4A55-B217-93003E948329}"
EndProject
Global
	GlobalSection(SolutionConfigurationPlatforms) = preSolution
		Debug|Any CPU = Debug|Any CPU
		Release|Any CPU = Release|Any CPU
	EndGlobalSection
	GlobalSection(ProjectConfigurationPlatforms) = postSolution
		{49BD76ED-8FCB-4A55-B217-93003E948329}.Debug|Any CPU.ActiveCfg = Debug|Any CPU
		{49BD76ED-8FCB-4A55-B217-93003E948329}.Debug|Any CPU.Build.0 = Debug|Any CPU
		{49BD76ED-8FCB-4A55-B217-93003E948329}.Release|Any CPU.ActiveCfg = Release|Any CPU
		{49BD76ED-8FCB-4A55-B217-93003E948329}.Release|Any CPU.Build.0 = Release|Any CPU
	EndGlobalSection
	GlobalSection(SolutionProperties) = preSolution
		HideSolutionNode = FALSE
	EndGlobalSection
	GlobalSection(ExtensibilityGlobals) = postSolution
		SolutionGuid = {8B944244-7EA1-4741-89E5-CC6BE84413B0}
	EndGlobalSection
EndGlobal
